<?xml version="1.0" encoding="utf-8"?>
<Project ToolsVersion="4.0" xmlns="http://schemas.microsoft.com/developer/msbuild/2003">
  <ItemGroup>
    <ClCompile Include="AutomationToolkit.cpp">
      <Filter>Source Files</Filter>
    </ClCompile>
    <ClCompile Include="CollectionHelper.cpp">
      <Filter>Source Files</Filter>
    </ClCompile>
    <ClCompile Include="InputBox.cpp">
      <Filter>Source Files</Filter>
    </ClCompile>
    <ClCompile Include="Main.cpp">
      <Filter>Source Files</Filter>
    </ClCompile>
    <ClCompile Include="Panel.cpp">
      <Filter>Source Files</Filter>
    </ClCompile>
    <ClCompile Include="PanelBuilder.cpp">
      <Filter>Source Files</Filter>
    </ClCompile>
    <ClCompile Include="Reporting/ReportingExcel.cpp">
      <Filter>Source Files</Filter>
    </ClCompile>
    <ClCompile Include="Reporting/ReportingInterference.cpp">
      <Filter>Source Files</Filter>
    </ClCompile>
    <ClCompile Include="Reporting/ReportingRebar.cpp">
      <Filter>Source Files</Filter>
    </ClCompile>
    <ClCompile Include="Utilities.cpp">
      <Filter>Source Files</Filter>
    </ClCompile>
    <ClCompile Include="Reporting\ReportingUnroundedLiftInserts.cpp">
      <Filter>Source Files</Filter>
    </ClCompile>
    <ClCompile Include="Reporting\ReportingPanelStrength.cpp">
      <Filter>Source Files</Filter>
    </ClCompile>
    <ClCompile Include="Reporting\ReportingInsertClearance.cpp">
      <Filter>Source Files</Filter>
    </ClCompile>
  </ItemGroup>
  <ItemGroup>
    <ClInclude Include="AutomationToolkit.h">
      <Filter>Header Files</Filter>
    </ClInclude>
    <ClInclude Include="CollectionHelper.h">
      <Filter>Header Files</Filter>
    </ClInclude>
    <ClInclude Include="InputBox.h">
      <Filter>Header Files</Filter>
    </ClInclude>
    <ClInclude Include="Panel.h">
      <Filter>Header Files</Filter>
    </ClInclude>
    <ClInclude Include="PanelBuilder.h">
      <Filter>Header Files</Filter>
    </ClInclude>
    <ClInclude Include="Reporting/ReportingBase.h">
      <Filter>Header Files</Filter>
    </ClInclude>
    <ClInclude Include="Reporting/ReportingExcel.h">
      <Filter>Header Files</Filter>
    </ClInclude>
    <ClInclude Include="Reporting/ReportingInterference.h">
      <Filter>Header Files</Filter>
    </ClInclude>
    <ClInclude Include="Reporting/ReportingRebar.h">
      <Filter>Header Files</Filter>
    </ClInclude>
    <ClInclude Include="Utilities.h">
      <Filter>Header Files</Filter>
    </ClInclude>
    <ClInclude Include="Reporting\ReportingUnroundedLiftInserts.h">
      <Filter>Header Files</Filter>
    </ClInclude>
    <ClInclude Include="Reporting\ReportingPanelStrength.h">
      <Filter>Header Files</Filter>
    </ClInclude>
    <ClInclude Include="Reporting\ReportingInsertClerance.h">
      <Filter>Header Files</Filter>
    </ClInclude>
  </ItemGroup>
  <ItemGroup>
    <Filter Include="Header Files">
      <UniqueIdentifier>{c9a2395c-f18a-4d4c-a0d0-faf0d5d43465}</UniqueIdentifier>
    </Filter>
    <Filter Include="Source Files">
      <UniqueIdentifier>{87e27b8d-373c-43cd-81ee-34565bd60cdf}</UniqueIdentifier>
    </Filter>
  </ItemGroup>
</Project>